
Microsoft Visual Studio Solution File, Format Version 12.00
# Visual Studio Version 16
VisualStudioVersion = 16.0.31410.357
MinimumVisualStudioVersion = 10.0.40219.1
Project("{FAE04EC0-301F-11D3-BF4B-00C04F79EFBC}") = "WebAPI", "WebAPI\WebAPI.csproj", "{765E6BE7-8065-4608-948F-918AD35000B2}"
EndProject
Project("{FAE04EC0-301F-11D3-BF4B-00C04F79EFBC}") = "APIGateway", "APIGateway\APIGateway.csproj", "{0ECA44AD-7A17-4F40-8556-71C3250EEA8F}"
EndProject
Global
	GlobalSection(SolutionConfigurationPlatforms) = preSolution
		Debug|Any CPU = Debug|Any CPU
		Release|Any CPU = Release|Any CPU
	EndGlobalSection
	GlobalSection(ProjectConfigurationPlatforms) = postSolution
		{765E6BE7-8065-4608-948F-918AD35000B2}.Debug|Any CPU.ActiveCfg = Debug|Any CPU
		{765E6BE7-8065-4608-948F-918AD35000B2}.Debug|Any CPU.Build.0 = Debug|Any CPU
		{765E6BE7-8065-4608-948F-918AD35000B2}.Release|Any CPU.ActiveCfg = Release|Any CPU
		{765E6BE7-8065-4608-948F-918AD35000B2}.Release|Any CPU.Build.0 = Release|Any CPU
		{0ECA44AD-7A17-4F40-8556-71C3250EEA8F}.Debug|Any CPU.ActiveCfg = Debug|Any CPU
		{0ECA44AD-7A17-4F40-8556-71C3250EEA8F}.Debug|Any CPU.Build.0 = Debug|Any CPU
		{0ECA44AD-7A17-4F40-8556-71C3250EEA8F}.Release|Any CPU.ActiveCfg = Release|Any CPU
		{0ECA44AD-7A17-4F40-8556-71C3250EEA8F}.Release|Any CPU.Build.0 = Release|Any CPU
	EndGlobalSection
	GlobalSection(SolutionProperties) = preSolution
		HideSolutionNode = FALSE
	EndGlobalSection
	GlobalSection(ExtensibilityGlobals) = postSolution
		SolutionGuid = {02438902-5C75-4534-83AE-B661D9DC0E31}
	EndGlobalSection
EndGlobal
